
Microsoft Visual Studio Solution File, Format Version 12.00
# Visual Studio Version 17
VisualStudioVersion = 17.8.34330.188
MinimumVisualStudioVersion = 10.0.40219.1
Project("{9A19103F-16F7-4668-BE54-9A1E7A4F7556}") = "EQX.ThirdParty", "EQX.ThirdParty\EQX.ThirdParty.csproj", "{0919488D-3CB9-4632-A714-B28B4FA2EE65}"
EndProject
Global
	GlobalSection(SolutionConfigurationPlatforms) = preSolution
		Debug|Any CPU = Debug|Any CPU
		Release|Any CPU = Release|Any CPU
		Simulation|Any CPU = Simulation|Any CPU
	EndGlobalSection
	GlobalSection(ProjectConfigurationPlatforms) = postSolution
		{0919488D-3CB9-4632-A714-B28B4FA2EE65}.Debug|Any CPU.ActiveCfg = Debug|Any CPU
		{0919488D-3CB9-4632-A714-B28B4FA2EE65}.Debug|Any CPU.Build.0 = Debug|Any CPU
		{0919488D-3CB9-4632-A714-B28B4FA2EE65}.Release|Any CPU.ActiveCfg = Release|Any CPU
		{0919488D-3CB9-4632-A714-B28B4FA2EE65}.Release|Any CPU.Build.0 = Release|Any CPU
		{0919488D-3CB9-4632-A714-B28B4FA2EE65}.Simulation|Any CPU.ActiveCfg = Simulation|Any CPU
		{0919488D-3CB9-4632-A714-B28B4FA2EE65}.Simulation|Any CPU.Build.0 = Simulation|Any CPU
	EndGlobalSection
	GlobalSection(SolutionProperties) = preSolution
		HideSolutionNode = FALSE
	EndGlobalSection
	GlobalSection(ExtensibilityGlobals) = postSolution
		SolutionGuid = {8685B02E-848A-4E57-BD07-C9644942AFE7}
	EndGlobalSection
EndGlobal
